// !$*UTF8*$!
{
	archiveVersion = 1;
	classes = {
	};
	objectVersion = 55;
	objects = {

/* Begin PBXBuildFile section */
		A730DF96293F3A6300A58635 /* charizar.usdz in Resources */ = {isa = PBXBuildFile; fileRef = A730DF95293F3A6300A58635 /* charizar.usdz */; };
		A75C1360293EFE7E00AFBFC9 /* Model.swift in Sources */ = {isa = PBXBuildFile; fileRef = A75C135F293EFE7E00AFBFC9 /* Model.swift */; };
		A75C1362293F191F00AFBFC9 /* toy_biplane.usdz in Resources */ = {isa = PBXBuildFile; fileRef = A75C1361293F191F00AFBFC9 /* toy_biplane.usdz */; };
		A75C1364293F19DB00AFBFC9 /* cup_saucer_set.usdz in Resources */ = {isa = PBXBuildFile; fileRef = A75C1363293F19DA00AFBFC9 /* cup_saucer_set.usdz */; };
		A75C1366293F1A3000AFBFC9 /* chair_swan.usdz in Resources */ = {isa = PBXBuildFile; fileRef = A75C1365293F1A3000AFBFC9 /* chair_swan.usdz */; };
		A75C1368293F1A6500AFBFC9 /* tv_retro.usdz in Resources */ = {isa = PBXBuildFile; fileRef = A75C1367293F1A6500AFBFC9 /* tv_retro.usdz */; };
		A75C136A293F1AEA00AFBFC9 /* toy_car.usdz in Resources */ = {isa = PBXBuildFile; fileRef = A75C1369293F1AEA00AFBFC9 /* toy_car.usdz */; };
		A75C136C293F1B1B00AFBFC9 /* fender_stratocaster.usdz in Resources */ = {isa = PBXBuildFile; fileRef = A75C136B293F1B1B00AFBFC9 /* fender_stratocaster.usdz */; };
		A75C136F293F231F00AFBFC9 /* FocusEntity in Frameworks */ = {isa = PBXBuildFile; productRef = A75C136E293F231F00AFBFC9 /* FocusEntity */; };
		A76DC8B8293DC9BF005B3DD1 /* AppDelegate.swift in Sources */ = {isa = PBXBuildFile; fileRef = A76DC8B7293DC9BF005B3DD1 /* AppDelegate.swift */; };
		A76DC8BA293DC9BF005B3DD1 /* ContentView.swift in Sources */ = {isa = PBXBuildFile; fileRef = A76DC8B9293DC9BF005B3DD1 /* ContentView.swift */; };
		A76DC8BE293DC9C1005B3DD1 /* Assets.xcassets in Resources */ = {isa = PBXBuildFile; fileRef = A76DC8BD293DC9C1005B3DD1 /* Assets.xcassets */; };
		A76DC8C1293DC9C1005B3DD1 /* Preview Assets.xcassets in Resources */ = {isa = PBXBuildFile; fileRef = A76DC8C0293DC9C1005B3DD1 /* Preview Assets.xcassets */; };
		A76DC8CB293DC9C1005B3DD1 /* ARProjectTests.swift in Sources */ = {isa = PBXBuildFile; fileRef = A76DC8CA293DC9C1005B3DD1 /* ARProjectTests.swift */; };
		A76DC8D5293DC9C1005B3DD1 /* ARProjectUITests.swift in Sources */ = {isa = PBXBuildFile; fileRef = A76DC8D4293DC9C1005B3DD1 /* ARProjectUITests.swift */; };
		A76DC8D7293DC9C1005B3DD1 /* ARProjectUITestsLaunchTests.swift in Sources */ = {isa = PBXBuildFile; fileRef = A76DC8D6293DC9C1005B3DD1 /* ARProjectUITestsLaunchTests.swift */; };
		A76DC8E3293DCA7B005B3DD1 /* Experience.rcproject in Sources */ = {isa = PBXBuildFile; fileRef = A76DC8E5293DCA7B005B3DD1 /* Experience.rcproject */; };
		A7AB0D65293E4C3700F0619B /* toy_drummer.usdz in Resources */ = {isa = PBXBuildFile; fileRef = A7AB0D61293E4C3500F0619B /* toy_drummer.usdz */; };
		A7AB0D68293E4C3700F0619B /* hab_en.reality in Resources */ = {isa = PBXBuildFile; fileRef = A7AB0D64293E4C3700F0619B /* hab_en.reality */; };
/* End PBXBuildFile section */

/* Begin PBXContainerItemProxy section */
		A76DC8C7293DC9C1005B3DD1 /* PBXContainerItemProxy */ = {
			isa = PBXContainerItemProxy;
			containerPortal = A76DC8AC293DC9BF005B3DD1 /* Project object */;
			proxyType = 1;
			remoteGlobalIDString = A76DC8B3293DC9BF005B3DD1;
			remoteInfo = ARProject;
		};
		A76DC8D1293DC9C1005B3DD1 /* PBXContainerItemProxy */ = {
			isa = PBXContainerItemProxy;
			containerPortal = A76DC8AC293DC9BF005B3DD1 /* Project object */;
			proxyType = 1;
			remoteGlobalIDString = A76DC8B3293DC9BF005B3DD1;
			remoteInfo = ARProject;
		};
/* End PBXContainerItemProxy section */

/* Begin PBXFileReference section */
		A730DF95293F3A6300A58635 /* charizar.usdz */ = {isa = PBXFileReference; lastKnownFileType = file.usdz; path = charizar.usdz; sourceTree = "<group>"; };
		A75C135F293EFE7E00AFBFC9 /* Model.swift */ = {isa = PBXFileReference; lastKnownFileType = sourcecode.swift; path = Model.swift; sourceTree = "<group>"; };
		A75C1361293F191F00AFBFC9 /* toy_biplane.usdz */ = {isa = PBXFileReference; lastKnownFileType = file.usdz; path = toy_biplane.usdz; sourceTree = "<group>"; };
		A75C1363293F19DA00AFBFC9 /* cup_saucer_set.usdz */ = {isa = PBXFileReference; lastKnownFileType = file.usdz; path = cup_saucer_set.usdz; sourceTree = "<group>"; };
		A75C1365293F1A3000AFBFC9 /* chair_swan.usdz */ = {isa = PBXFileReference; lastKnownFileType = file.usdz; path = chair_swan.usdz; sourceTree = "<group>"; };
		A75C1367293F1A6500AFBFC9 /* tv_retro.usdz */ = {isa = PBXFileReference; lastKnownFileType = file.usdz; path = tv_retro.usdz; sourceTree = "<group>"; };
		A75C1369293F1AEA00AFBFC9 /* toy_car.usdz */ = {isa = PBXFileReference; lastKnownFileType = file.usdz; path = toy_car.usdz; sourceTree = "<group>"; };
		A75C136B293F1B1B00AFBFC9 /* fender_stratocaster.usdz */ = {isa = PBXFileReference; lastKnownFileType = file.usdz; path = fender_stratocaster.usdz; sourceTree = "<group>"; };
		A76DC8B4293DC9BF005B3DD1 /* ARProject.app */ = {isa = PBXFileReference; explicitFileType = wrapper.application; includeInIndex = 0; path = ARProject.app; sourceTree = BUILT_PRODUCTS_DIR; };
		A76DC8B7293DC9BF005B3DD1 /* AppDelegate.swift */ = {isa = PBXFileReference; lastKnownFileType = sourcecode.swift; path = AppDelegate.swift; sourceTree = "<group>"; };
		A76DC8B9293DC9BF005B3DD1 /* ContentView.swift */ = {isa = PBXFileReference; lastKnownFileType = sourcecode.swift; path = ContentView.swift; sourceTree = "<group>"; };
		A76DC8BD293DC9C1005B3DD1 /* Assets.xcassets */ = {isa = PBXFileReference; lastKnownFileType = folder.assetcatalog; path = Assets.xcassets; sourceTree = "<group>"; };
		A76DC8C0293DC9C1005B3DD1 /* Preview Assets.xcassets */ = {isa = PBXFileReference; lastKnownFileType = folder.assetcatalog; path = "Preview Assets.xcassets"; sourceTree = "<group>"; };
		A76DC8C6293DC9C1005B3DD1 /* ARProjectTests.xctest */ = {isa = PBXFileReference; explicitFileType = wrapper.cfbundle; includeInIndex = 0; path = ARProjectTests.xctest; sourceTree = BUILT_PRODUCTS_DIR; };
		A76DC8CA293DC9C1005B3DD1 /* ARProjectTests.swift */ = {isa = PBXFileReference; lastKnownFileType = sourcecode.swift; path = ARProjectTests.swift; sourceTree = "<group>"; };
		A76DC8D0293DC9C1005B3DD1 /* ARProjectUITests.xctest */ = {isa = PBXFileReference; explicitFileType = wrapper.cfbundle; includeInIndex = 0; path = ARProjectUITests.xctest; sourceTree = BUILT_PRODUCTS_DIR; };
		A76DC8D4293DC9C1005B3DD1 /* ARProjectUITests.swift */ = {isa = PBXFileReference; lastKnownFileType = sourcecode.swift; path = ARProjectUITests.swift; sourceTree = "<group>"; };
		A76DC8D6293DC9C1005B3DD1 /* ARProjectUITestsLaunchTests.swift */ = {isa = PBXFileReference; lastKnownFileType = sourcecode.swift; path = ARProjectUITestsLaunchTests.swift; sourceTree = "<group>"; };
		A76DC8E4293DCA7B005B3DD1 /* Base */ = {isa = PBXFileReference; lastKnownFileType = file.rcproject; name = Base; path = Base.lproj/Experience.rcproject; sourceTree = "<group>"; };
		A7AB0D61293E4C3500F0619B /* toy_drummer.usdz */ = {isa = PBXFileReference; lastKnownFileType = file.usdz; path = toy_drummer.usdz; sourceTree = "<group>"; };
		A7AB0D64293E4C3700F0619B /* hab_en.reality */ = {isa = PBXFileReference; lastKnownFileType = file; path = hab_en.reality; sourceTree = "<group>"; };
/* End PBXFileReference section */

/* Begin PBXFrameworksBuildPhase section */
		A76DC8B1293DC9BF005B3DD1 /* Frameworks */ = {
			isa = PBXFrameworksBuildPhase;
			buildActionMask = 2147483647;
			files = (
				A75C136F293F231F00AFBFC9 /* FocusEntity in Frameworks */,
			);
			runOnlyForDeploymentPostprocessing = 0;
		};
		A76DC8C3293DC9C1005B3DD1 /* Frameworks */ = {
			isa = PBXFrameworksBuildPhase;
			buildActionMask = 2147483647;
			files = (
			);
			runOnlyForDeploymentPostprocessing = 0;
		};
		A76DC8CD293DC9C1005B3DD1 /* Frameworks */ = {
			isa = PBXFrameworksBuildPhase;
			buildActionMask = 2147483647;
			files = (
			);
			runOnlyForDeploymentPostprocessing = 0;
		};
/* End PBXFrameworksBuildPhase section */

/* Begin PBXGroup section */
		A76DC8AB293DC9BF005B3DD1 = {
			isa = PBXGroup;
			children = (
				A76DC8B6293DC9BF005B3DD1 /* ARProject */,
				A76DC8C9293DC9C1005B3DD1 /* ARProjectTests */,
				A76DC8D3293DC9C1005B3DD1 /* ARProjectUITests */,
				A76DC8B5293DC9BF005B3DD1 /* Products */,
			);
			sourceTree = "<group>";
		};
		A76DC8B5293DC9BF005B3DD1 /* Products */ = {
			isa = PBXGroup;
			children = (
				A76DC8B4293DC9BF005B3DD1 /* ARProject.app */,
				A76DC8C6293DC9C1005B3DD1 /* ARProjectTests.xctest */,
				A76DC8D0293DC9C1005B3DD1 /* ARProjectUITests.xctest */,
			);
			name = Products;
			sourceTree = "<group>";
		};
		A76DC8B6293DC9BF005B3DD1 /* ARProject */ = {
			isa = PBXGroup;
			children = (
				A76DC8B7293DC9BF005B3DD1 /* AppDelegate.swift */,
				A76DC8B9293DC9BF005B3DD1 /* ContentView.swift */,
				A75C135F293EFE7E00AFBFC9 /* Model.swift */,
				A7AB0D5E293E4BAF00F0619B /* Models */,
				A76DC8E5293DCA7B005B3DD1 /* Experience.rcproject */,
				A76DC8BD293DC9C1005B3DD1 /* Assets.xcassets */,
				A76DC8BF293DC9C1005B3DD1 /* Preview Content */,
			);
			path = ARProject;
			sourceTree = "<group>";
		};
		A76DC8BF293DC9C1005B3DD1 /* Preview Content */ = {
			isa = PBXGroup;
			children = (
				A76DC8C0293DC9C1005B3DD1 /* Preview Assets.xcassets */,
			);
			path = "Preview Content";
			sourceTree = "<group>";
		};
		A76DC8C9293DC9C1005B3DD1 /* ARProjectTests */ = {
			isa = PBXGroup;
			children = (
				A76DC8CA293DC9C1005B3DD1 /* ARProjectTests.swift */,
			);
			path = ARProjectTests;
			sourceTree = "<group>";
		};
		A76DC8D3293DC9C1005B3DD1 /* ARProjectUITests */ = {
			isa = PBXGroup;
			children = (
				A76DC8D4293DC9C1005B3DD1 /* ARProjectUITests.swift */,
				A76DC8D6293DC9C1005B3DD1 /* ARProjectUITestsLaunchTests.swift */,
			);
			path = ARProjectUITests;
			sourceTree = "<group>";
		};
		A7AB0D5E293E4BAF00F0619B /* Models */ = {
			isa = PBXGroup;
			children = (
				A730DF95293F3A6300A58635 /* charizar.usdz */,
				A75C136B293F1B1B00AFBFC9 /* fender_stratocaster.usdz */,
				A75C1369293F1AEA00AFBFC9 /* toy_car.usdz */,
				A75C1367293F1A6500AFBFC9 /* tv_retro.usdz */,
				A75C1365293F1A3000AFBFC9 /* chair_swan.usdz */,
				A75C1363293F19DA00AFBFC9 /* cup_saucer_set.usdz */,
				A75C1361293F191F00AFBFC9 /* toy_biplane.usdz */,
				A7AB0D64293E4C3700F0619B /* hab_en.reality */,
				A7AB0D61293E4C3500F0619B /* toy_drummer.usdz */,
			);
			path = Models;
			sourceTree = "<group>";
		};
/* End PBXGroup section */

/* Begin PBXNativeTarget section */
		A76DC8B3293DC9BF005B3DD1 /* ARProject */ = {
			isa = PBXNativeTarget;
			buildConfigurationList = A76DC8DA293DC9C1005B3DD1 /* Build configuration list for PBXNativeTarget "ARProject" */;
			buildPhases = (
				A76DC8B0293DC9BF005B3DD1 /* Sources */,
				A76DC8B1293DC9BF005B3DD1 /* Frameworks */,
				A76DC8B2293DC9BF005B3DD1 /* Resources */,
			);
			buildRules = (
			);
			dependencies = (
			);
			name = ARProject;
			packageProductDependencies = (
				A75C136E293F231F00AFBFC9 /* FocusEntity */,
			);
			productName = ARProject;
			productReference = A76DC8B4293DC9BF005B3DD1 /* ARProject.app */;
			productType = "com.apple.product-type.application";
		};
		A76DC8C5293DC9C1005B3DD1 /* ARProjectTests */ = {
			isa = PBXNativeTarget;
			buildConfigurationList = A76DC8DD293DC9C1005B3DD1 /* Build configuration list for PBXNativeTarget "ARProjectTests" */;
			buildPhases = (
				A76DC8C2293DC9C1005B3DD1 /* Sources */,
				A76DC8C3293DC9C1005B3DD1 /* Frameworks */,
				A76DC8C4293DC9C1005B3DD1 /* Resources */,
			);
			buildRules = (
			);
			dependencies = (
				A76DC8C8293DC9C1005B3DD1 /* PBXTargetDependency */,
			);
			name = ARProjectTests;
			productName = ARProjectTests;
			productReference = A76DC8C6293DC9C1005B3DD1 /* ARProjectTests.xctest */;
			productType = "com.apple.product-type.bundle.unit-test";
		};
		A76DC8CF293DC9C1005B3DD1 /* ARProjectUITests */ = {
			isa = PBXNativeTarget;
			buildConfigurationList = A76DC8E0293DC9C1005B3DD1 /* Build configuration list for PBXNativeTarget "ARProjectUITests" */;
			buildPhases = (
				A76DC8CC293DC9C1005B3DD1 /* Sources */,
				A76DC8CD293DC9C1005B3DD1 /* Frameworks */,
				A76DC8CE293DC9C1005B3DD1 /* Resources */,
			);
			buildRules = (
			);
			dependencies = (
				A76DC8D2293DC9C1005B3DD1 /* PBXTargetDependency */,
			);
			name = ARProjectUITests;
			productName = ARProjectUITests;
			productReference = A76DC8D0293DC9C1005B3DD1 /* ARProjectUITests.xctest */;
			productType = "com.apple.product-type.bundle.ui-testing";
		};
/* End PBXNativeTarget section */

/* Begin PBXProject section */
		A76DC8AC293DC9BF005B3DD1 /* Project object */ = {
			isa = PBXProject;
			attributes = {
				BuildIndependentTargetsInParallel = 1;
				LastSwiftUpdateCheck = 1340;
				LastUpgradeCheck = 1340;
				TargetAttributes = {
					A76DC8B3293DC9BF005B3DD1 = {
						CreatedOnToolsVersion = 13.4;
					};
					A76DC8C5293DC9C1005B3DD1 = {
						CreatedOnToolsVersion = 13.4;
						TestTargetID = A76DC8B3293DC9BF005B3DD1;
					};
					A76DC8CF293DC9C1005B3DD1 = {
						CreatedOnToolsVersion = 13.4;
						TestTargetID = A76DC8B3293DC9BF005B3DD1;
					};
				};
			};
			buildConfigurationList = A76DC8AF293DC9BF005B3DD1 /* Build configuration list for PBXProject "ARProject" */;
			compatibilityVersion = "Xcode 13.0";
			developmentRegion = en;
			hasScannedForEncodings = 0;
			knownRegions = (
				en,
				Base,
			);
			mainGroup = A76DC8AB293DC9BF005B3DD1;
			packageReferences = (
				A75C136D293F231F00AFBFC9 /* XCRemoteSwiftPackageReference "FocusEntity" */,
			);
			productRefGroup = A76DC8B5293DC9BF005B3DD1 /* Products */;
			projectDirPath = "";
			projectRoot = "";
			targets = (
				A76DC8B3293DC9BF005B3DD1 /* ARProject */,
				A76DC8C5293DC9C1005B3DD1 /* ARProjectTests */,
				A76DC8CF293DC9C1005B3DD1 /* ARProjectUITests */,
			);
		};
/* End PBXProject section */

/* Begin PBXResourcesBuildPhase section */
		A76DC8B2293DC9BF005B3DD1 /* Resources */ = {
			isa = PBXResourcesBuildPhase;
			buildActionMask = 2147483647;
			files = (
				A75C136C293F1B1B00AFBFC9 /* fender_stratocaster.usdz in Resources */,
				A75C1364293F19DB00AFBFC9 /* cup_saucer_set.usdz in Resources */,
				A75C1362293F191F00AFBFC9 /* toy_biplane.usdz in Resources */,
				A75C1368293F1A6500AFBFC9 /* tv_retro.usdz in Resources */,
				A75C136A293F1AEA00AFBFC9 /* toy_car.usdz in Resources */,
				A7AB0D68293E4C3700F0619B /* hab_en.reality in Resources */,
				A730DF96293F3A6300A58635 /* charizar.usdz in Resources */,
				A76DC8C1293DC9C1005B3DD1 /* Preview Assets.xcassets in Resources */,
				A76DC8BE293DC9C1005B3DD1 /* Assets.xcassets in Resources */,
				A75C1366293F1A3000AFBFC9 /* chair_swan.usdz in Resources */,
				A7AB0D65293E4C3700F0619B /* toy_drummer.usdz in Resources */,
			);
			runOnlyForDeploymentPostprocessing = 0;
		};
		A76DC8C4293DC9C1005B3DD1 /* Resources */ = {
			isa = PBXResourcesBuildPhase;
			buildActionMask = 2147483647;
			files = (
			);
			runOnlyForDeploymentPostprocessing = 0;
		};
		A76DC8CE293DC9C1005B3DD1 /* Resources */ = {
			isa = PBXResourcesBuildPhase;
			buildActionMask = 2147483647;
			files = (
			);
			runOnlyForDeploymentPostprocessing = 0;
		};
/* End PBXResourcesBuildPhase section */

/* Begin PBXSourcesBuildPhase section */
		A76DC8B0293DC9BF005B3DD1 /* Sources */ = {
			isa = PBXSourcesBuildPhase;
			buildActionMask = 2147483647;
			files = (
				A76DC8BA293DC9BF005B3DD1 /* ContentView.swift in Sources */,
				A76DC8B8293DC9BF005B3DD1 /* AppDelegate.swift in Sources */,
				A76DC8E3293DCA7B005B3DD1 /* Experience.rcproject in Sources */,
				A75C1360293EFE7E00AFBFC9 /* Model.swift in Sources */,
			);
			runOnlyForDeploymentPostprocessing = 0;
		};
		A76DC8C2293DC9C1005B3DD1 /* Sources */ = {
			isa = PBXSourcesBuildPhase;
			buildActionMask = 2147483647;
			files = (
				A76DC8CB293DC9C1005B3DD1 /* ARProjectTests.swift in Sources */,
			);
			runOnlyForDeploymentPostprocessing = 0;
		};
		A76DC8CC293DC9C1005B3DD1 /* Sources */ = {
			isa = PBXSourcesBuildPhase;
			buildActionMask = 2147483647;
			files = (
				A76DC8D5293DC9C1005B3DD1 /* ARProjectUITests.swift in Sources */,
				A76DC8D7293DC9C1005B3DD1 /* ARProjectUITestsLaunchTests.swift in Sources */,
			);
			runOnlyForDeploymentPostprocessing = 0;
		};
/* End PBXSourcesBuildPhase section */

/* Begin PBXTargetDependency section */
		A76DC8C8293DC9C1005B3DD1 /* PBXTargetDependency */ = {
			isa = PBXTargetDependency;
			target = A76DC8B3293DC9BF005B3DD1 /* ARProject */;
			targetProxy = A76DC8C7293DC9C1005B3DD1 /* PBXContainerItemProxy */;
		};
		A76DC8D2293DC9C1005B3DD1 /* PBXTargetDependency */ = {
			isa = PBXTargetDependency;
			target = A76DC8B3293DC9BF005B3DD1 /* ARProject */;
			targetProxy = A76DC8D1293DC9C1005B3DD1 /* PBXContainerItemProxy */;
		};
/* End PBXTargetDependency section */

/* Begin PBXVariantGroup section */
		A76DC8E5293DCA7B005B3DD1 /* Experience.rcproject */ = {
			isa = PBXVariantGroup;
			children = (
				A76DC8E4293DCA7B005B3DD1 /* Base */,
			);
			name = Experience.rcproject;
			sourceTree = "<group>";
		};
/* End PBXVariantGroup section */

/* Begin XCBuildConfiguration section */
		A76DC8D8293DC9C1005B3DD1 /* Debug */ = {
			isa = XCBuildConfiguration;
			buildSettings = {
				ALWAYS_SEARCH_USER_PATHS = NO;
				CLANG_ANALYZER_NONNULL = YES;
				CLANG_ANALYZER_NUMBER_OBJECT_CONVERSION = YES_AGGRESSIVE;
				CLANG_CXX_LANGUAGE_STANDARD = "gnu++17";
				CLANG_ENABLE_MODULES = YES;
				CLANG_ENABLE_OBJC_ARC = YES;
				CLANG_ENABLE_OBJC_WEAK = YES;
				CLANG_WARN_BLOCK_CAPTURE_AUTORELEASING = YES;
				CLANG_WARN_BOOL_CONVERSION = YES;
				CLANG_WARN_COMMA = YES;
				CLANG_WARN_CONSTANT_CONVERSION = YES;
				CLANG_WARN_DEPRECATED_OBJC_IMPLEMENTATIONS = YES;
				CLANG_WARN_DIRECT_OBJC_ISA_USAGE = YES_ERROR;
				CLANG_WARN_DOCUMENTATION_COMMENTS = YES;
				CLANG_WARN_EMPTY_BODY = YES;
				CLANG_WARN_ENUM_CONVERSION = YES;
				CLANG_WARN_INFINITE_RECURSION = YES;
				CLANG_WARN_INT_CONVERSION = YES;
				CLANG_WARN_NON_LITERAL_NULL_CONVERSION = YES;
				CLANG_WARN_OBJC_IMPLICIT_RETAIN_SELF = YES;
				CLANG_WARN_OBJC_LITERAL_CONVERSION = YES;
				CLANG_WARN_OBJC_ROOT_CLASS = YES_ERROR;
				CLANG_WARN_QUOTED_INCLUDE_IN_FRAMEWORK_HEADER = YES;
				CLANG_WARN_RANGE_LOOP_ANALYSIS = YES;
				CLANG_WARN_STRICT_PROTOTYPES = YES;
				CLANG_WARN_SUSPICIOUS_MOVE = YES;
				CLANG_WARN_UNGUARDED_AVAILABILITY = YES_AGGRESSIVE;
				CLANG_WARN_UNREACHABLE_CODE = YES;
				CLANG_WARN__DUPLICATE_METHOD_MATCH = YES;
				COPY_PHASE_STRIP = NO;
				DEBUG_INFORMATION_FORMAT = dwarf;
				ENABLE_STRICT_OBJC_MSGSEND = YES;
				ENABLE_TESTABILITY = YES;
				GCC_C_LANGUAGE_STANDARD = gnu11;
				GCC_DYNAMIC_NO_PIC = NO;
				GCC_NO_COMMON_BLOCKS = YES;
				GCC_OPTIMIZATION_LEVEL = 0;
				GCC_PREPROCESSOR_DEFINITIONS = (
					"DEBUG=1",
					"$(inherited)",
				);
				GCC_WARN_64_TO_32_BIT_CONVERSION = YES;
				GCC_WARN_ABOUT_RETURN_TYPE = YES_ERROR;
				GCC_WARN_UNDECLARED_SELECTOR = YES;
				GCC_WARN_UNINITIALIZED_AUTOS = YES_AGGRESSIVE;
				GCC_WARN_UNUSED_FUNCTION = YES;
				GCC_WARN_UNUSED_VARIABLE = YES;
				IPHONEOS_DEPLOYMENT_TARGET = 15.5;
				MTL_ENABLE_DEBUG_INFO = INCLUDE_SOURCE;
				MTL_FAST_MATH = YES;
				ONLY_ACTIVE_ARCH = YES;
				SDKROOT = iphoneos;
				SWIFT_ACTIVE_COMPILATION_CONDITIONS = DEBUG;
				SWIFT_OPTIMIZATION_LEVEL = "-Onone";
			};
			name = Debug;
		};
		A76DC8D9293DC9C1005B3DD1 /* Release */ = {
			isa = XCBuildConfiguration;
			buildSettings = {
				ALWAYS_SEARCH_USER_PATHS = NO;
				CLANG_ANALYZER_NONNULL = YES;
				CLANG_ANALYZER_NUMBER_OBJECT_CONVERSION = YES_AGGRESSIVE;
				CLANG_CXX_LANGUAGE_STANDARD = "gnu++17";
				CLANG_ENABLE_MODULES = YES;
				CLANG_ENABLE_OBJC_ARC = YES;
				CLANG_ENABLE_OBJC_WEAK = YES;
				CLANG_WARN_BLOCK_CAPTURE_AUTORELEASING = YES;
				CLANG_WARN_BOOL_CONVERSION = YES;
				CLANG_WARN_COMMA = YES;
				CLANG_WARN_CONSTANT_CONVERSION = YES;
				CLANG_WARN_DEPRECATED_OBJC_IMPLEMENTATIONS = YES;
				CLANG_WARN_DIRECT_OBJC_ISA_USAGE = YES_ERROR;
				CLANG_WARN_DOCUMENTATION_COMMENTS = YES;
				CLANG_WARN_EMPTY_BODY = YES;
				CLANG_WARN_ENUM_CONVERSION = YES;
				CLANG_WARN_INFINITE_RECURSION = YES;
				CLANG_WARN_INT_CONVERSION = YES;
				CLANG_WARN_NON_LITERAL_NULL_CONVERSION = YES;
				CLANG_WARN_OBJC_IMPLICIT_RETAIN_SELF = YES;
				CLANG_WARN_OBJC_LITERAL_CONVERSION = YES;
				CLANG_WARN_OBJC_ROOT_CLASS = YES_ERROR;
				CLANG_WARN_QUOTED_INCLUDE_IN_FRAMEWORK_HEADER = YES;
				CLANG_WARN_RANGE_LOOP_ANALYSIS = YES;
				CLANG_WARN_STRICT_PROTOTYPES = YES;
				CLANG_WARN_SUSPICIOUS_MOVE = YES;
				CLANG_WARN_UNGUARDED_AVAILABILITY = YES_AGGRESSIVE;
				CLANG_WARN_UNREACHABLE_CODE = YES;
				CLANG_WARN__DUPLICATE_METHOD_MATCH = YES;
				COPY_PHASE_STRIP = NO;
				DEBUG_INFORMATION_FORMAT = "dwarf-with-dsym";
				ENABLE_NS_ASSERTIONS = NO;
				ENABLE_STRICT_OBJC_MSGSEND = YES;
				GCC_C_LANGUAGE_STANDARD = gnu11;
				GCC_NO_COMMON_BLOCKS = YES;
				GCC_WARN_64_TO_32_BIT_CONVERSION = YES;
				GCC_WARN_ABOUT_RETURN_TYPE = YES_ERROR;
				GCC_WARN_UNDECLARED_SELECTOR = YES;
				GCC_WARN_UNINITIALIZED_AUTOS = YES_AGGRESSIVE;
				GCC_WARN_UNUSED_FUNCTION = YES;
				GCC_WARN_UNUSED_VARIABLE = YES;
				IPHONEOS_DEPLOYMENT_TARGET = 15.5;
				MTL_ENABLE_DEBUG_INFO = NO;
				MTL_FAST_MATH = YES;
				SDKROOT = iphoneos;
				SWIFT_COMPILATION_MODE = wholemodule;
				SWIFT_OPTIMIZATION_LEVEL = "-O";
				VALIDATE_PRODUCT = YES;
			};
			name = Release;
		};
		A76DC8DB293DC9C1005B3DD1 /* Debug */ = {
			isa = XCBuildConfiguration;
			buildSettings = {
				ASSETCATALOG_COMPILER_APPICON_NAME = AppIcon;
				ASSETCATALOG_COMPILER_GLOBAL_ACCENT_COLOR_NAME = AccentColor;
				ASSETCATALOG_COMPILER_INCLUDE_ALL_APPICON_ASSETS = YES;
				CODE_SIGN_STYLE = Automatic;
				CURRENT_PROJECT_VERSION = 1;
				DEVELOPMENT_ASSET_PATHS = "\"ARProject/Preview Content\"";
				DEVELOPMENT_TEAM = 8W6X9SKV4P;
				ENABLE_PREVIEWS = YES;
				GENERATE_INFOPLIST_FILE = YES;
				INFOPLIST_KEY_NSCameraUsageDescription = "";
				INFOPLIST_KEY_UIApplicationSupportsIndirectInputEvents = YES;
				INFOPLIST_KEY_UILaunchScreen_Generation = YES;
				INFOPLIST_KEY_UIRequiredDeviceCapabilities = arkit;
				INFOPLIST_KEY_UIStatusBarHidden = YES;
				INFOPLIST_KEY_UISupportedInterfaceOrientations_iPad = "UIInterfaceOrientationPortrait UIInterfaceOrientationPortraitUpsideDown UIInterfaceOrientationLandscapeLeft UIInterfaceOrientationLandscapeRight";
				INFOPLIST_KEY_UISupportedInterfaceOrientations_iPhone = "UIInterfaceOrientationPortrait UIInterfaceOrientationLandscapeLeft UIInterfaceOrientationLandscapeRight";
				LD_RUNPATH_SEARCH_PATHS = (
					"$(inherited)",
					"@executable_path/Frameworks",
				);
				MARKETING_VERSION = 1.0;
				PRODUCT_BUNDLE_IDENTIFIER = KhangNghia.ARProject;
				PRODUCT_NAME = "$(TARGET_NAME)";
				SWIFT_EMIT_LOC_STRINGS = YES;
				SWIFT_VERSION = 5.0;
				TARGETED_DEVICE_FAMILY = "1,2";
			};
			name = Debug;
		};
		A76DC8DC293DC9C1005B3DD1 /* Release */ = {
			isa = XCBuildConfiguration;
			buildSettings = {
				ASSETCATALOG_COMPILER_APPICON_NAME = AppIcon;
				ASSETCATALOG_COMPILER_GLOBAL_ACCENT_COLOR_NAME = AccentColor;
				ASSETCATALOG_COMPILER_INCLUDE_ALL_APPICON_ASSETS = YES;
				CODE_SIGN_STYLE = Automatic;
				CURRENT_PROJECT_VERSION = 1;
				DEVELOPMENT_ASSET_PATHS = "\"ARProject/Preview Content\"";
				DEVELOPMENT_TEAM = 8W6X9SKV4P;
				ENABLE_PREVIEWS = YES;
				GENERATE_INFOPLIST_FILE = YES;
				INFOPLIST_KEY_NSCameraUsageDescription = "";
				INFOPLIST_KEY_UIApplicationSupportsIndirectInputEvents = YES;
				INFOPLIST_KEY_UILaunchScreen_Generation = YES;
				INFOPLIST_KEY_UIRequiredDeviceCapabilities = arkit;
				INFOPLIST_KEY_UIStatusBarHidden = YES;
				INFOPLIST_KEY_UISupportedInterfaceOrientations_iPad = "UIInterfaceOrientationPortrait UIInterfaceOrientationPortraitUpsideDown UIInterfaceOrientationLandscapeLeft UIInterfaceOrientationLandscapeRight";
				INFOPLIST_KEY_UISupportedInterfaceOrientations_iPhone = "UIInterfaceOrientationPortrait UIInterfaceOrientationLandscapeLeft UIInterfaceOrientationLandscapeRight";
				LD_RUNPATH_SEARCH_PATHS = (
					"$(inherited)",
					"@executable_path/Frameworks",
				);
				MARKETING_VERSION = 1.0;
				PRODUCT_BUNDLE_IDENTIFIER = KhangNghia.ARProject;
				PRODUCT_NAME = "$(TARGET_NAME)";
				SWIFT_EMIT_LOC_STRINGS = YES;
				SWIFT_VERSION = 5.0;
				TARGETED_DEVICE_FAMILY = "1,2";
			};
			name = Release;
		};
		A76DC8DE293DC9C1005B3DD1 /* Debug */ = {
			isa = XCBuildConfiguration;
			buildSettings = {
				ALWAYS_EMBED_SWIFT_STANDARD_LIBRARIES = YES;
				BUNDLE_LOADER = "$(TEST_HOST)";
				CODE_SIGN_STYLE = Automatic;
				CURRENT_PROJECT_VERSION = 1;
				GENERATE_INFOPLIST_FILE = YES;
				IPHONEOS_DEPLOYMENT_TARGET = 15.5;
				MARKETING_VERSION = 1.0;
				PRODUCT_BUNDLE_IDENTIFIER = KhangNghia.ARProjectTests;
				PRODUCT_NAME = "$(TARGET_NAME)";
				SWIFT_EMIT_LOC_STRINGS = NO;
				SWIFT_VERSION = 5.0;
				TARGETED_DEVICE_FAMILY = "1,2";
				TEST_HOST = "$(BUILT_PRODUCTS_DIR)/ARProject.app/ARProject";
			};
			name = Debug;
		};
		A76DC8DF293DC9C1005B3DD1 /* Release */ = {
			isa = XCBuildConfiguration;
			buildSettings = {
				ALWAYS_EMBED_SWIFT_STANDARD_LIBRARIES = YES;
				BUNDLE_LOADER = "$(TEST_HOST)";
				CODE_SIGN_STYLE = Automatic;
				CURRENT_PROJECT_VERSION = 1;
				GENERATE_INFOPLIST_FILE = YES;
				IPHONEOS_DEPLOYMENT_TARGET = 15.5;
				MARKETING_VERSION = 1.0;
				PRODUCT_BUNDLE_IDENTIFIER = KhangNghia.ARProjectTests;
				PRODUCT_NAME = "$(TARGET_NAME)";
				SWIFT_EMIT_LOC_STRINGS = NO;
				SWIFT_VERSION = 5.0;
				TARGETED_DEVICE_FAMILY = "1,2";
				TEST_HOST = "$(BUILT_PRODUCTS_DIR)/ARProject.app/ARProject";
			};
			name = Release;
		};
		A76DC8E1293DC9C1005B3DD1 /* Debug */ = {
			isa = XCBuildConfiguration;
			buildSettings = {
				ALWAYS_EMBED_SWIFT_STANDARD_LIBRARIES = YES;
				CODE_SIGN_STYLE = Automatic;
				CURRENT_PROJECT_VERSION = 1;
				GENERATE_INFOPLIST_FILE = YES;
				MARKETING_VERSION = 1.0;
				PRODUCT_BUNDLE_IDENTIFIER = KhangNghia.ARProjectUITests;
				PRODUCT_NAME = "$(TARGET_NAME)";
				SWIFT_EMIT_LOC_STRINGS = NO;
				SWIFT_VERSION = 5.0;
				TARGETED_DEVICE_FAMILY = "1,2";
				TEST_TARGET_NAME = ARProject;
			};
			name = Debug;
		};
		A76DC8E2293DC9C1005B3DD1 /* Release */ = {
			isa = XCBuildConfiguration;
			buildSettings = {
				ALWAYS_EMBED_SWIFT_STANDARD_LIBRARIES = YES;
				CODE_SIGN_STYLE = Automatic;
				CURRENT_PROJECT_VERSION = 1;
				GENERATE_INFOPLIST_FILE = YES;
				MARKETING_VERSION = 1.0;
				PRODUCT_BUNDLE_IDENTIFIER = KhangNghia.ARProjectUITests;
				PRODUCT_NAME = "$(TARGET_NAME)";
				SWIFT_EMIT_LOC_STRINGS = NO;
				SWIFT_VERSION = 5.0;
				TARGETED_DEVICE_FAMILY = "1,2";
				TEST_TARGET_NAME = ARProject;
			};
			name = Release;
		};
/* End XCBuildConfiguration section */

/* Begin XCConfigurationList section */
		A76DC8AF293DC9BF005B3DD1 /* Build configuration list for PBXProject "ARProject" */ = {
			isa = XCConfigurationList;
			buildConfigurations = (
				A76DC8D8293DC9C1005B3DD1 /* Debug */,
				A76DC8D9293DC9C1005B3DD1 /* Release */,
			);
			defaultConfigurationIsVisible = 0;
			defaultConfigurationName = Release;
		};
		A76DC8DA293DC9C1005B3DD1 /* Build configuration list for PBXNativeTarget "ARProject" */ = {
			isa = XCConfigurationList;
			buildConfigurations = (
				A76DC8DB293DC9C1005B3DD1 /* Debug */,
				A76DC8DC293DC9C1005B3DD1 /* Release */,
			);
			defaultConfigurationIsVisible = 0;
			defaultConfigurationName = Release;
		};
		A76DC8DD293DC9C1005B3DD1 /* Build configuration list for PBXNativeTarget "ARProjectTests" */ = {
			isa = XCConfigurationList;
			buildConfigurations = (
				A76DC8DE293DC9C1005B3DD1 /* Debug */,
				A76DC8DF293DC9C1005B3DD1 /* Release */,
			);
			defaultConfigurationIsVisible = 0;
			defaultConfigurationName = Release;
		};
		A76DC8E0293DC9C1005B3DD1 /* Build configuration list for PBXNativeTarget "ARProjectUITests" */ = {
			isa = XCConfigurationList;
			buildConfigurations = (
				A76DC8E1293DC9C1005B3DD1 /* Debug */,
				A76DC8E2293DC9C1005B3DD1 /* Release */,
			);
			defaultConfigurationIsVisible = 0;
			defaultConfigurationName = Release;
		};
/* End XCConfigurationList section */

/* Begin XCRemoteSwiftPackageReference section */
		A75C136D293F231F00AFBFC9 /* XCRemoteSwiftPackageReference "FocusEntity" */ = {
			isa = XCRemoteSwiftPackageReference;
			repositoryURL = "https://github.com/maxxfrazer/FocusEntity";
			requirement = {
				kind = upToNextMajorVersion;
				minimumVersion = 1.1.1;
			};
		};
/* End XCRemoteSwiftPackageReference section */

/* Begin XCSwiftPackageProductDependency section */
		A75C136E293F231F00AFBFC9 /* FocusEntity */ = {
			isa = XCSwiftPackageProductDependency;
			package = A75C136D293F231F00AFBFC9 /* XCRemoteSwiftPackageReference "FocusEntity" */;
			productName = FocusEntity;
		};
/* End XCSwiftPackageProductDependency section */
	};
	rootObject = A76DC8AC293DC9BF005B3DD1 /* Project object */;
}
